
Microsoft Visual Studio Solution File, Format Version 12.00
# Visual Studio Version 17
VisualStudioVersion = 17.11.35208.52
MinimumVisualStudioVersion = 10.0.40219.1
Project("{FAE04EC0-301F-11D3-BF4B-00C04F79EFBC}") = "BlazorApp2", "BlazorApp2\BlazorApp2.csproj", "{6A257A7C-BF38-4F81-AA2E-EF5247E78BF7}"
EndProject
Global
	GlobalSection(SolutionConfigurationPlatforms) = preSolution
		Debug|Any CPU = Debug|Any CPU
		Release|Any CPU = Release|Any CPU
	EndGlobalSection
	GlobalSection(ProjectConfigurationPlatforms) = postSolution
		{6A257A7C-BF38-4F81-AA2E-EF5247E78BF7}.Debug|Any CPU.ActiveCfg = Debug|Any CPU
		{6A257A7C-BF38-4F81-AA2E-EF5247E78BF7}.Debug|Any CPU.Build.0 = Debug|Any CPU
		{6A257A7C-BF38-4F81-AA2E-EF5247E78BF7}.Release|Any CPU.ActiveCfg = Release|Any CPU
		{6A257A7C-BF38-4F81-AA2E-EF5247E78BF7}.Release|Any CPU.Build.0 = Release|Any CPU
	EndGlobalSection
	GlobalSection(SolutionProperties) = preSolution
		HideSolutionNode = FALSE
	EndGlobalSection
	GlobalSection(ExtensibilityGlobals) = postSolution
		SolutionGuid = {853C0B82-D488-4179-BFA1-E9731CA68177}
	EndGlobalSection
EndGlobal
